
Microsoft Visual Studio Solution File, Format Version 12.00
# Visual Studio 15
VisualStudioVersion = 15.0.27703.2042
MinimumVisualStudioVersion = 10.0.40219.1
Project("{FAE04EC0-301F-11D3-BF4B-00C04F79EFBC}") = "TaskManagerApp.UI", "TaskManagerApp\TaskManagerApp.UI.csproj", "{C44BA48D-5F89-4F76-95BC-3371574B2546}"
EndProject
Project("{FAE04EC0-301F-11D3-BF4B-00C04F79EFBC}") = "TaskManager.Services", "TaskManager.Services\TaskManager.Services.csproj", "{8476495F-77F0-471D-9523-DBC707BA54C8}"
EndProject
Project("{FAE04EC0-301F-11D3-BF4B-00C04F79EFBC}") = "TaskManagerApp.Models", "TaskManagerApp.Models\TaskManagerApp.Models.csproj", "{E1E65D51-6B46-4C3E-BBC0-88087A8E6818}"
EndProject
Global
	GlobalSection(SolutionConfigurationPlatforms) = preSolution
		Debug|Any CPU = Debug|Any CPU
		Release|Any CPU = Release|Any CPU
	EndGlobalSection
	GlobalSection(ProjectConfigurationPlatforms) = postSolution
		{C44BA48D-5F89-4F76-95BC-3371574B2546}.Debug|Any CPU.ActiveCfg = Debug|Any CPU
		{C44BA48D-5F89-4F76-95BC-3371574B2546}.Debug|Any CPU.Build.0 = Debug|Any CPU
		{C44BA48D-5F89-4F76-95BC-3371574B2546}.Release|Any CPU.ActiveCfg = Release|Any CPU
		{C44BA48D-5F89-4F76-95BC-3371574B2546}.Release|Any CPU.Build.0 = Release|Any CPU
		{8476495F-77F0-471D-9523-DBC707BA54C8}.Debug|Any CPU.ActiveCfg = Debug|Any CPU
		{8476495F-77F0-471D-9523-DBC707BA54C8}.Debug|Any CPU.Build.0 = Debug|Any CPU
		{8476495F-77F0-471D-9523-DBC707BA54C8}.Release|Any CPU.ActiveCfg = Release|Any CPU
		{8476495F-77F0-471D-9523-DBC707BA54C8}.Release|Any CPU.Build.0 = Release|Any CPU
		{E1E65D51-6B46-4C3E-BBC0-88087A8E6818}.Debug|Any CPU.ActiveCfg = Debug|Any CPU
		{E1E65D51-6B46-4C3E-BBC0-88087A8E6818}.Debug|Any CPU.Build.0 = Debug|Any CPU
		{E1E65D51-6B46-4C3E-BBC0-88087A8E6818}.Release|Any CPU.ActiveCfg = Release|Any CPU
		{E1E65D51-6B46-4C3E-BBC0-88087A8E6818}.Release|Any CPU.Build.0 = Release|Any CPU
	EndGlobalSection
	GlobalSection(SolutionProperties) = preSolution
		HideSolutionNode = FALSE
	EndGlobalSection
	GlobalSection(ExtensibilityGlobals) = postSolution
		SolutionGuid = {2F96A505-00E3-4E63-AA99-0F3E29C88E66}
	EndGlobalSection
EndGlobal
